
Microsoft Visual Studio Solution File, Format Version 12.00
# Visual Studio Version 16
VisualStudioVersion = 16.0.31205.134
MinimumVisualStudioVersion = 10.0.40219.1
Project("{8BC9CEB8-8B4A-11D0-8D11-00A0C91BC942}") = "MfFixed2Csv", "MfFixed2Csv\MfFixed2Csv.vcxproj", "{3E145B5B-740E-4F76-A57F-F15B889F9C86}"
EndProject
Global
	GlobalSection(SolutionConfigurationPlatforms) = preSolution
		Debug|x64 = Debug|x64
		Debug|x86 = Debug|x86
		Release|x64 = Release|x64
		Release|x86 = Release|x86
	EndGlobalSection
	GlobalSection(ProjectConfigurationPlatforms) = postSolution
		{3E145B5B-740E-4F76-A57F-F15B889F9C86}.Debug|x64.ActiveCfg = Debug|x64
		{3E145B5B-740E-4F76-A57F-F15B889F9C86}.Debug|x64.Build.0 = Debug|x64
		{3E145B5B-740E-4F76-A57F-F15B889F9C86}.Debug|x86.ActiveCfg = Debug|Win32
		{3E145B5B-740E-4F76-A57F-F15B889F9C86}.Debug|x86.Build.0 = Debug|Win32
		{3E145B5B-740E-4F76-A57F-F15B889F9C86}.Release|x64.ActiveCfg = Release|x64
		{3E145B5B-740E-4F76-A57F-F15B889F9C86}.Release|x64.Build.0 = Release|x64
		{3E145B5B-740E-4F76-A57F-F15B889F9C86}.Release|x86.ActiveCfg = Release|Win32
		{3E145B5B-740E-4F76-A57F-F15B889F9C86}.Release|x86.Build.0 = Release|Win32
	EndGlobalSection
	GlobalSection(SolutionProperties) = preSolution
		HideSolutionNode = FALSE
	EndGlobalSection
	GlobalSection(ExtensibilityGlobals) = postSolution
		SolutionGuid = {B9846318-B8CC-4849-9898-FDA8F862CB5E}
	EndGlobalSection
EndGlobal
